
Microsoft Visual Studio Solution File, Format Version 12.00
# Visual Studio 15
VisualStudioVersion = 15.0.28307.329
MinimumVisualStudioVersion = 10.0.40219.1
Project("{FAE04EC0-301F-11D3-BF4B-00C04F79EFBC}") = "iv", "ConsoleApplication1\iv.csproj", "{228B7345-2050-4572-B831-3F634B0EA96D}"
EndProject
Project("{FAE04EC0-301F-11D3-BF4B-00C04F79EFBC}") = "ivTests", "ivTests\ivTests.csproj", "{1D2E541D-0C90-40AE-B052-F7AE224DF1BA}"
EndProject
Global
	GlobalSection(SolutionConfigurationPlatforms) = preSolution
		Debug|Any CPU = Debug|Any CPU
		Release|Any CPU = Release|Any CPU
	EndGlobalSection
	GlobalSection(ProjectConfigurationPlatforms) = postSolution
		{228B7345-2050-4572-B831-3F634B0EA96D}.Debug|Any CPU.ActiveCfg = Debug|Any CPU
		{228B7345-2050-4572-B831-3F634B0EA96D}.Debug|Any CPU.Build.0 = Debug|Any CPU
		{228B7345-2050-4572-B831-3F634B0EA96D}.Release|Any CPU.ActiveCfg = Release|Any CPU
		{228B7345-2050-4572-B831-3F634B0EA96D}.Release|Any CPU.Build.0 = Release|Any CPU
		{1D2E541D-0C90-40AE-B052-F7AE224DF1BA}.Debug|Any CPU.ActiveCfg = Debug|Any CPU
		{1D2E541D-0C90-40AE-B052-F7AE224DF1BA}.Debug|Any CPU.Build.0 = Debug|Any CPU
		{1D2E541D-0C90-40AE-B052-F7AE224DF1BA}.Release|Any CPU.ActiveCfg = Release|Any CPU
		{1D2E541D-0C90-40AE-B052-F7AE224DF1BA}.Release|Any CPU.Build.0 = Release|Any CPU
	EndGlobalSection
	GlobalSection(SolutionProperties) = preSolution
		HideSolutionNode = FALSE
	EndGlobalSection
	GlobalSection(ExtensibilityGlobals) = postSolution
		SolutionGuid = {1FD81BE1-2AE7-4CBF-B2BB-86328412D39F}
	EndGlobalSection
EndGlobal
